// !$*UTF8*$!
{
	archiveVersion = 1;
	classes = {
	};
	objectVersion = 50;
	objects = {

/* Begin PBXBuildFile section */
		9B0975502130E8300045A7C0 /* AppDelegate.swift in Sources */ = {isa = PBXBuildFile; fileRef = 9B09754F2130E8300045A7C0 /* AppDelegate.swift */; };
		9B0975522130E8300045A7C0 /* ViewController.swift in Sources */ = {isa = PBXBuildFile; fileRef = 9B0975512130E8300045A7C0 /* ViewController.swift */; };
		9B0975552130E8300045A7C0 /* Main.storyboard in Resources */ = {isa = PBXBuildFile; fileRef = 9B0975532130E8300045A7C0 /* Main.storyboard */; };
		9B0975572130E8300045A7C0 /* Assets.xcassets in Resources */ = {isa = PBXBuildFile; fileRef = 9B0975562130E8300045A7C0 /* Assets.xcassets */; };
		9B09755A2130E8300045A7C0 /* LaunchScreen.storyboard in Resources */ = {isa = PBXBuildFile; fileRef = 9B0975582130E8300045A7C0 /* LaunchScreen.storyboard */; };
		9B0975652130E8300045A7C0 /* loginPracTests.swift in Sources */ = {isa = PBXBuildFile; fileRef = 9B0975642130E8300045A7C0 /* loginPracTests.swift */; };
		9B0975702130E8300045A7C0 /* loginPracUITests.swift in Sources */ = {isa = PBXBuildFile; fileRef = 9B09756F2130E8300045A7C0 /* loginPracUITests.swift */; };
/* End PBXBuildFile section */

/* Begin PBXContainerItemProxy section */
		9B0975612130E8300045A7C0 /* PBXContainerItemProxy */ = {
			isa = PBXContainerItemProxy;
			containerPortal = 9B0975442130E8300045A7C0 /* Project object */;
			proxyType = 1;
			remoteGlobalIDString = 9B09754B2130E8300045A7C0;
			remoteInfo = loginPrac;
		};
		9B09756C2130E8300045A7C0 /* PBXContainerItemProxy */ = {
			isa = PBXContainerItemProxy;
			containerPortal = 9B0975442130E8300045A7C0 /* Project object */;
			proxyType = 1;
			remoteGlobalIDString = 9B09754B2130E8300045A7C0;
			remoteInfo = loginPrac;
		};
/* End PBXContainerItemProxy section */

/* Begin PBXFileReference section */
		9B09754C2130E8300045A7C0 /* loginPrac.app */ = {isa = PBXFileReference; explicitFileType = wrapper.application; includeInIndex = 0; path = loginPrac.app; sourceTree = BUILT_PRODUCTS_DIR; };
		9B09754F2130E8300045A7C0 /* AppDelegate.swift */ = {isa = PBXFileReference; lastKnownFileType = sourcecode.swift; path = AppDelegate.swift; sourceTree = "<group>"; };
		9B0975512130E8300045A7C0 /* ViewController.swift */ = {isa = PBXFileReference; lastKnownFileType = sourcecode.swift; path = ViewController.swift; sourceTree = "<group>"; };
		9B0975542130E8300045A7C0 /* Base */ = {isa = PBXFileReference; lastKnownFileType = file.storyboard; name = Base; path = Base.lproj/Main.storyboard; sourceTree = "<group>"; };
		9B0975562130E8300045A7C0 /* Assets.xcassets */ = {isa = PBXFileReference; lastKnownFileType = folder.assetcatalog; path = Assets.xcassets; sourceTree = "<group>"; };
		9B0975592130E8300045A7C0 /* Base */ = {isa = PBXFileReference; lastKnownFileType = file.storyboard; name = Base; path = Base.lproj/LaunchScreen.storyboard; sourceTree = "<group>"; };
		9B09755B2130E8300045A7C0 /* Info.plist */ = {isa = PBXFileReference; lastKnownFileType = text.plist.xml; path = Info.plist; sourceTree = "<group>"; };
		9B0975602130E8300045A7C0 /* loginPracTests.xctest */ = {isa = PBXFileReference; explicitFileType = wrapper.cfbundle; includeInIndex = 0; path = loginPracTests.xctest; sourceTree = BUILT_PRODUCTS_DIR; };
		9B0975642130E8300045A7C0 /* loginPracTests.swift */ = {isa = PBXFileReference; lastKnownFileType = sourcecode.swift; path = loginPracTests.swift; sourceTree = "<group>"; };
		9B0975662130E8300045A7C0 /* Info.plist */ = {isa = PBXFileReference; lastKnownFileType = text.plist.xml; path = Info.plist; sourceTree = "<group>"; };
		9B09756B2130E8300045A7C0 /* loginPracUITests.xctest */ = {isa = PBXFileReference; explicitFileType = wrapper.cfbundle; includeInIndex = 0; path = loginPracUITests.xctest; sourceTree = BUILT_PRODUCTS_DIR; };
		9B09756F2130E8300045A7C0 /* loginPracUITests.swift */ = {isa = PBXFileReference; lastKnownFileType = sourcecode.swift; path = loginPracUITests.swift; sourceTree = "<group>"; };
		9B0975712130E8300045A7C0 /* Info.plist */ = {isa = PBXFileReference; lastKnownFileType = text.plist.xml; path = Info.plist; sourceTree = "<group>"; };
/* End PBXFileReference section */

/* Begin PBXFrameworksBuildPhase section */
		9B0975492130E8300045A7C0 /* Frameworks */ = {
			isa = PBXFrameworksBuildPhase;
			buildActionMask = 2147483647;
			files = (
			);
			runOnlyForDeploymentPostprocessing = 0;
		};
		9B09755D2130E8300045A7C0 /* Frameworks */ = {
			isa = PBXFrameworksBuildPhase;
			buildActionMask = 2147483647;
			files = (
			);
			runOnlyForDeploymentPostprocessing = 0;
		};
		9B0975682130E8300045A7C0 /* Frameworks */ = {
			isa = PBXFrameworksBuildPhase;
			buildActionMask = 2147483647;
			files = (
			);
			runOnlyForDeploymentPostprocessing = 0;
		};
/* End PBXFrameworksBuildPhase section */

/* Begin PBXGroup section */
		9B0975432130E8300045A7C0 = {
			isa = PBXGroup;
			children = (
				9B09754E2130E8300045A7C0 /* loginPrac */,
				9B0975632130E8300045A7C0 /* loginPracTests */,
				9B09756E2130E8300045A7C0 /* loginPracUITests */,
				9B09754D2130E8300045A7C0 /* Products */,
			);
			sourceTree = "<group>";
		};
		9B09754D2130E8300045A7C0 /* Products */ = {
			isa = PBXGroup;
			children = (
				9B09754C2130E8300045A7C0 /* loginPrac.app */,
				9B0975602130E8300045A7C0 /* loginPracTests.xctest */,
				9B09756B2130E8300045A7C0 /* loginPracUITests.xctest */,
			);
			name = Products;
			sourceTree = "<group>";
		};
		9B09754E2130E8300045A7C0 /* loginPrac */ = {
			isa = PBXGroup;
			children = (
				9B09754F2130E8300045A7C0 /* AppDelegate.swift */,
				9B0975512130E8300045A7C0 /* ViewController.swift */,
				9B0975532130E8300045A7C0 /* Main.storyboard */,
				9B0975562130E8300045A7C0 /* Assets.xcassets */,
				9B0975582130E8300045A7C0 /* LaunchScreen.storyboard */,
				9B09755B2130E8300045A7C0 /* Info.plist */,
			);
			path = loginPrac;
			sourceTree = "<group>";
		};
		9B0975632130E8300045A7C0 /* loginPracTests */ = {
			isa = PBXGroup;
			children = (
				9B0975642130E8300045A7C0 /* loginPracTests.swift */,
				9B0975662130E8300045A7C0 /* Info.plist */,
			);
			path = loginPracTests;
			sourceTree = "<group>";
		};
		9B09756E2130E8300045A7C0 /* loginPracUITests */ = {
			isa = PBXGroup;
			children = (
				9B09756F2130E8300045A7C0 /* loginPracUITests.swift */,
				9B0975712130E8300045A7C0 /* Info.plist */,
			);
			path = loginPracUITests;
			sourceTree = "<group>";
		};
/* End PBXGroup section */

/* Begin PBXNativeTarget section */
		9B09754B2130E8300045A7C0 /* loginPrac */ = {
			isa = PBXNativeTarget;
			buildConfigurationList = 9B0975742130E8300045A7C0 /* Build configuration list for PBXNativeTarget "loginPrac" */;
			buildPhases = (
				9B0975482130E8300045A7C0 /* Sources */,
				9B0975492130E8300045A7C0 /* Frameworks */,
				9B09754A2130E8300045A7C0 /* Resources */,
			);
			buildRules = (
			);
			dependencies = (
			);
			name = loginPrac;
			productName = loginPrac;
			productReference = 9B09754C2130E8300045A7C0 /* loginPrac.app */;
			productType = "com.apple.product-type.application";
		};
		9B09755F2130E8300045A7C0 /* loginPracTests */ = {
			isa = PBXNativeTarget;
			buildConfigurationList = 9B0975772130E8300045A7C0 /* Build configuration list for PBXNativeTarget "loginPracTests" */;
			buildPhases = (
				9B09755C2130E8300045A7C0 /* Sources */,
				9B09755D2130E8300045A7C0 /* Frameworks */,
				9B09755E2130E8300045A7C0 /* Resources */,
			);
			buildRules = (
			);
			dependencies = (
				9B0975622130E8300045A7C0 /* PBXTargetDependency */,
			);
			name = loginPracTests;
			productName = loginPracTests;
			productReference = 9B0975602130E8300045A7C0 /* loginPracTests.xctest */;
			productType = "com.apple.product-type.bundle.unit-test";
		};
		9B09756A2130E8300045A7C0 /* loginPracUITests */ = {
			isa = PBXNativeTarget;
			buildConfigurationList = 9B09757A2130E8300045A7C0 /* Build configuration list for PBXNativeTarget "loginPracUITests" */;
			buildPhases = (
				9B0975672130E8300045A7C0 /* Sources */,
				9B0975682130E8300045A7C0 /* Frameworks */,
				9B0975692130E8300045A7C0 /* Resources */,
			);
			buildRules = (
			);
			dependencies = (
				9B09756D2130E8300045A7C0 /* PBXTargetDependency */,
			);
			name = loginPracUITests;
			productName = loginPracUITests;
			productReference = 9B09756B2130E8300045A7C0 /* loginPracUITests.xctest */;
			productType = "com.apple.product-type.bundle.ui-testing";
		};
/* End PBXNativeTarget section */

/* Begin PBXProject section */
		9B0975442130E8300045A7C0 /* Project object */ = {
			isa = PBXProject;
			attributes = {
				LastSwiftUpdateCheck = 0940;
				LastUpgradeCheck = 0940;
				ORGANIZATIONNAME = "Itzel Gomez";
				TargetAttributes = {
					9B09754B2130E8300045A7C0 = {
						CreatedOnToolsVersion = 9.4.1;
					};
					9B09755F2130E8300045A7C0 = {
						CreatedOnToolsVersion = 9.4.1;
						TestTargetID = 9B09754B2130E8300045A7C0;
					};
					9B09756A2130E8300045A7C0 = {
						CreatedOnToolsVersion = 9.4.1;
						TestTargetID = 9B09754B2130E8300045A7C0;
					};
				};
			};
			buildConfigurationList = 9B0975472130E8300045A7C0 /* Build configuration list for PBXProject "loginPrac" */;
			compatibilityVersion = "Xcode 9.3";
			developmentRegion = en;
			hasScannedForEncodings = 0;
			knownRegions = (
				en,
				Base,
			);
			mainGroup = 9B0975432130E8300045A7C0;
			productRefGroup = 9B09754D2130E8300045A7C0 /* Products */;
			projectDirPath = "";
			projectRoot = "";
			targets = (
				9B09754B2130E8300045A7C0 /* loginPrac */,
				9B09755F2130E8300045A7C0 /* loginPracTests */,
				9B09756A2130E8300045A7C0 /* loginPracUITests */,
			);
		};
/* End PBXProject section */

/* Begin PBXResourcesBuildPhase section */
		9B09754A2130E8300045A7C0 /* Resources */ = {
			isa = PBXResourcesBuildPhase;
			buildActionMask = 2147483647;
			files = (
				9B09755A2130E8300045A7C0 /* LaunchScreen.storyboard in Resources */,
				9B0975572130E8300045A7C0 /* Assets.xcassets in Resources */,
				9B0975552130E8300045A7C0 /* Main.storyboard in Resources */,
			);
			runOnlyForDeploymentPostprocessing = 0;
		};
		9B09755E2130E8300045A7C0 /* Resources */ = {
			isa = PBXResourcesBuildPhase;
			buildActionMask = 2147483647;
			files = (
			);
			runOnlyForDeploymentPostprocessing = 0;
		};
		9B0975692130E8300045A7C0 /* Resources */ = {
			isa = PBXResourcesBuildPhase;
			buildActionMask = 2147483647;
			files = (
			);
			runOnlyForDeploymentPostprocessing = 0;
		};
/* End PBXResourcesBuildPhase section */

/* Begin PBXSourcesBuildPhase section */
		9B0975482130E8300045A7C0 /* Sources */ = {
			isa = PBXSourcesBuildPhase;
			buildActionMask = 2147483647;
			files = (
				9B0975522130E8300045A7C0 /* ViewController.swift in Sources */,
				9B0975502130E8300045A7C0 /* AppDelegate.swift in Sources */,
			);
			runOnlyForDeploymentPostprocessing = 0;
		};
		9B09755C2130E8300045A7C0 /* Sources */ = {
			isa = PBXSourcesBuildPhase;
			buildActionMask = 2147483647;
			files = (
				9B0975652130E8300045A7C0 /* loginPracTests.swift in Sources */,
			);
			runOnlyForDeploymentPostprocessing = 0;
		};
		9B0975672130E8300045A7C0 /* Sources */ = {
			isa = PBXSourcesBuildPhase;
			buildActionMask = 2147483647;
			files = (
				9B0975702130E8300045A7C0 /* loginPracUITests.swift in Sources */,
			);
			runOnlyForDeploymentPostprocessing = 0;
		};
/* End PBXSourcesBuildPhase section */

/* Begin PBXTargetDependency section */
		9B0975622130E8300045A7C0 /* PBXTargetDependency */ = {
			isa = PBXTargetDependency;
			target = 9B09754B2130E8300045A7C0 /* loginPrac */;
			targetProxy = 9B0975612130E8300045A7C0 /* PBXContainerItemProxy */;
		};
		9B09756D2130E8300045A7C0 /* PBXTargetDependency */ = {
			isa = PBXTargetDependency;
			target = 9B09754B2130E8300045A7C0 /* loginPrac */;
			targetProxy = 9B09756C2130E8300045A7C0 /* PBXContainerItemProxy */;
		};
/* End PBXTargetDependency section */

/* Begin PBXVariantGroup section */
		9B0975532130E8300045A7C0 /* Main.storyboard */ = {
			isa = PBXVariantGroup;
			children = (
				9B0975542130E8300045A7C0 /* Base */,
			);
			name = Main.storyboard;
			sourceTree = "<group>";
		};
		9B0975582130E8300045A7C0 /* LaunchScreen.storyboard */ = {
			isa = PBXVariantGroup;
			children = (
				9B0975592130E8300045A7C0 /* Base */,
			);
			name = LaunchScreen.storyboard;
			sourceTree = "<group>";
		};
/* End PBXVariantGroup section */

/* Begin XCBuildConfiguration section */
		9B0975722130E8300045A7C0 /* Debug */ = {
			isa = XCBuildConfiguration;
			buildSettings = {
				ALWAYS_SEARCH_USER_PATHS = NO;
				CLANG_ANALYZER_NONNULL = YES;
				CLANG_ANALYZER_NUMBER_OBJECT_CONVERSION = YES_AGGRESSIVE;
				CLANG_CXX_LANGUAGE_STANDARD = "gnu++14";
				CLANG_CXX_LIBRARY = "libc++";
				CLANG_ENABLE_MODULES = YES;
				CLANG_ENABLE_OBJC_ARC = YES;
				CLANG_ENABLE_OBJC_WEAK = YES;
				CLANG_WARN_BLOCK_CAPTURE_AUTORELEASING = YES;
				CLANG_WARN_BOOL_CONVERSION = YES;
				CLANG_WARN_COMMA = YES;
				CLANG_WARN_CONSTANT_CONVERSION = YES;
				CLANG_WARN_DEPRECATED_OBJC_IMPLEMENTATIONS = YES;
				CLANG_WARN_DIRECT_OBJC_ISA_USAGE = YES_ERROR;
				CLANG_WARN_DOCUMENTATION_COMMENTS = YES;
				CLANG_WARN_EMPTY_BODY = YES;
				CLANG_WARN_ENUM_CONVERSION = YES;
				CLANG_WARN_INFINITE_RECURSION = YES;
				CLANG_WARN_INT_CONVERSION = YES;
				CLANG_WARN_NON_LITERAL_NULL_CONVERSION = YES;
				CLANG_WARN_OBJC_IMPLICIT_RETAIN_SELF = YES;
				CLANG_WARN_OBJC_LITERAL_CONVERSION = YES;
				CLANG_WARN_OBJC_ROOT_CLASS = YES_ERROR;
				CLANG_WARN_RANGE_LOOP_ANALYSIS = YES;
				CLANG_WARN_STRICT_PROTOTYPES = YES;
				CLANG_WARN_SUSPICIOUS_MOVE = YES;
				CLANG_WARN_UNGUARDED_AVAILABILITY = YES_AGGRESSIVE;
				CLANG_WARN_UNREACHABLE_CODE = YES;
				CLANG_WARN__DUPLICATE_METHOD_MATCH = YES;
				CODE_SIGN_IDENTITY = "iPhone Developer";
				COPY_PHASE_STRIP = NO;
				DEBUG_INFORMATION_FORMAT = dwarf;
				ENABLE_STRICT_OBJC_MSGSEND = YES;
				ENABLE_TESTABILITY = YES;
				GCC_C_LANGUAGE_STANDARD = gnu11;
				GCC_DYNAMIC_NO_PIC = NO;
				GCC_NO_COMMON_BLOCKS = YES;
				GCC_OPTIMIZATION_LEVEL = 0;
				GCC_PREPROCESSOR_DEFINITIONS = (
					"DEBUG=1",
					"$(inherited)",
				);
				GCC_WARN_64_TO_32_BIT_CONVERSION = YES;
				GCC_WARN_ABOUT_RETURN_TYPE = YES_ERROR;
				GCC_WARN_UNDECLARED_SELECTOR = YES;
				GCC_WARN_UNINITIALIZED_AUTOS = YES_AGGRESSIVE;
				GCC_WARN_UNUSED_FUNCTION = YES;
				GCC_WARN_UNUSED_VARIABLE = YES;
				IPHONEOS_DEPLOYMENT_TARGET = 11.4;
				MTL_ENABLE_DEBUG_INFO = YES;
				ONLY_ACTIVE_ARCH = YES;
				SDKROOT = iphoneos;
				SWIFT_ACTIVE_COMPILATION_CONDITIONS = DEBUG;
				SWIFT_OPTIMIZATION_LEVEL = "-Onone";
			};
			name = Debug;
		};
		9B0975732130E8300045A7C0 /* Release */ = {
			isa = XCBuildConfiguration;
			buildSettings = {
				ALWAYS_SEARCH_USER_PATHS = NO;
				CLANG_ANALYZER_NONNULL = YES;
				CLANG_ANALYZER_NUMBER_OBJECT_CONVERSION = YES_AGGRESSIVE;
				CLANG_CXX_LANGUAGE_STANDARD = "gnu++14";
				CLANG_CXX_LIBRARY = "libc++";
				CLANG_ENABLE_MODULES = YES;
				CLANG_ENABLE_OBJC_ARC = YES;
				CLANG_ENABLE_OBJC_WEAK = YES;
				CLANG_WARN_BLOCK_CAPTURE_AUTORELEASING = YES;
				CLANG_WARN_BOOL_CONVERSION = YES;
				CLANG_WARN_COMMA = YES;
				CLANG_WARN_CONSTANT_CONVERSION = YES;
				CLANG_WARN_DEPRECATED_OBJC_IMPLEMENTATIONS = YES;
				CLANG_WARN_DIRECT_OBJC_ISA_USAGE = YES_ERROR;
				CLANG_WARN_DOCUMENTATION_COMMENTS = YES;
				CLANG_WARN_EMPTY_BODY = YES;
				CLANG_WARN_ENUM_CONVERSION = YES;
				CLANG_WARN_INFINITE_RECURSION = YES;
				CLANG_WARN_INT_CONVERSION = YES;
				CLANG_WARN_NON_LITERAL_NULL_CONVERSION = YES;
				CLANG_WARN_OBJC_IMPLICIT_RETAIN_SELF = YES;
				CLANG_WARN_OBJC_LITERAL_CONVERSION = YES;
				CLANG_WARN_OBJC_ROOT_CLASS = YES_ERROR;
				CLANG_WARN_RANGE_LOOP_ANALYSIS = YES;
				CLANG_WARN_STRICT_PROTOTYPES = YES;
				CLANG_WARN_SUSPICIOUS_MOVE = YES;
				CLANG_WARN_UNGUARDED_AVAILABILITY = YES_AGGRESSIVE;
				CLANG_WARN_UNREACHABLE_CODE = YES;
				CLANG_WARN__DUPLICATE_METHOD_MATCH = YES;
				CODE_SIGN_IDENTITY = "iPhone Developer";
				COPY_PHASE_STRIP = NO;
				DEBUG_INFORMATION_FORMAT = "dwarf-with-dsym";
				ENABLE_NS_ASSERTIONS = NO;
				ENABLE_STRICT_OBJC_MSGSEND = YES;
				GCC_C_LANGUAGE_STANDARD = gnu11;
				GCC_NO_COMMON_BLOCKS = YES;
				GCC_WARN_64_TO_32_BIT_CONVERSION = YES;
				GCC_WARN_ABOUT_RETURN_TYPE = YES_ERROR;
				GCC_WARN_UNDECLARED_SELECTOR = YES;
				GCC_WARN_UNINITIALIZED_AUTOS = YES_AGGRESSIVE;
				GCC_WARN_UNUSED_FUNCTION = YES;
				GCC_WARN_UNUSED_VARIABLE = YES;
				IPHONEOS_DEPLOYMENT_TARGET = 11.4;
				MTL_ENABLE_DEBUG_INFO = NO;
				SDKROOT = iphoneos;
				SWIFT_COMPILATION_MODE = wholemodule;
				SWIFT_OPTIMIZATION_LEVEL = "-O";
				VALIDATE_PRODUCT = YES;
			};
			name = Release;
		};
		9B0975752130E8300045A7C0 /* Debug */ = {
			isa = XCBuildConfiguration;
			buildSettings = {
				ASSETCATALOG_COMPILER_APPICON_NAME = AppIcon;
				CODE_SIGN_STYLE = Automatic;
				INFOPLIST_FILE = loginPrac/Info.plist;
				LD_RUNPATH_SEARCH_PATHS = (
					"$(inherited)",
					"@executable_path/Frameworks",
				);
				PRODUCT_BUNDLE_IDENTIFIER = hi.loginPrac;
				PRODUCT_NAME = "$(TARGET_NAME)";
				SWIFT_VERSION = 4.0;
				TARGETED_DEVICE_FAMILY = "1,2";
			};
			name = Debug;
		};
		9B0975762130E8300045A7C0 /* Release */ = {
			isa = XCBuildConfiguration;
			buildSettings = {
				ASSETCATALOG_COMPILER_APPICON_NAME = AppIcon;
				CODE_SIGN_STYLE = Automatic;
				INFOPLIST_FILE = loginPrac/Info.plist;
				LD_RUNPATH_SEARCH_PATHS = (
					"$(inherited)",
					"@executable_path/Frameworks",
				);
				PRODUCT_BUNDLE_IDENTIFIER = hi.loginPrac;
				PRODUCT_NAME = "$(TARGET_NAME)";
				SWIFT_VERSION = 4.0;
				TARGETED_DEVICE_FAMILY = "1,2";
			};
			name = Release;
		};
		9B0975782130E8300045A7C0 /* Debug */ = {
			isa = XCBuildConfiguration;
			buildSettings = {
				ALWAYS_EMBED_SWIFT_STANDARD_LIBRARIES = YES;
				BUNDLE_LOADER = "$(TEST_HOST)";
				CODE_SIGN_STYLE = Automatic;
				INFOPLIST_FILE = loginPracTests/Info.plist;
				LD_RUNPATH_SEARCH_PATHS = (
					"$(inherited)",
					"@executable_path/Frameworks",
					"@loader_path/Frameworks",
				);
				PRODUCT_BUNDLE_IDENTIFIER = hi.loginPracTests;
				PRODUCT_NAME = "$(TARGET_NAME)";
				SWIFT_VERSION = 4.0;
				TARGETED_DEVICE_FAMILY = "1,2";
				TEST_HOST = "$(BUILT_PRODUCTS_DIR)/loginPrac.app/loginPrac";
			};
			name = Debug;
		};
		9B0975792130E8300045A7C0 /* Release */ = {
			isa = XCBuildConfiguration;
			buildSettings = {
				ALWAYS_EMBED_SWIFT_STANDARD_LIBRARIES = YES;
				BUNDLE_LOADER = "$(TEST_HOST)";
				CODE_SIGN_STYLE = Automatic;
				INFOPLIST_FILE = loginPracTests/Info.plist;
				LD_RUNPATH_SEARCH_PATHS = (
					"$(inherited)",
					"@executable_path/Frameworks",
					"@loader_path/Frameworks",
				);
				PRODUCT_BUNDLE_IDENTIFIER = hi.loginPracTests;
				PRODUCT_NAME = "$(TARGET_NAME)";
				SWIFT_VERSION = 4.0;
				TARGETED_DEVICE_FAMILY = "1,2";
				TEST_HOST = "$(BUILT_PRODUCTS_DIR)/loginPrac.app/loginPrac";
			};
			name = Release;
		};
		9B09757B2130E8300045A7C0 /* Debug */ = {
			isa = XCBuildConfiguration;
			buildSettings = {
				ALWAYS_EMBED_SWIFT_STANDARD_LIBRARIES = YES;
				CODE_SIGN_STYLE = Automatic;
				INFOPLIST_FILE = loginPracUITests/Info.plist;
				LD_RUNPATH_SEARCH_PATHS = (
					"$(inherited)",
					"@executable_path/Frameworks",
					"@loader_path/Frameworks",
				);
				PRODUCT_BUNDLE_IDENTIFIER = hi.loginPracUITests;
				PRODUCT_NAME = "$(TARGET_NAME)";
				SWIFT_VERSION = 4.0;
				TARGETED_DEVICE_FAMILY = "1,2";
				TEST_TARGET_NAME = loginPrac;
			};
			name = Debug;
		};
		9B09757C2130E8300045A7C0 /* Release */ = {
			isa = XCBuildConfiguration;
			buildSettings = {
				ALWAYS_EMBED_SWIFT_STANDARD_LIBRARIES = YES;
				CODE_SIGN_STYLE = Automatic;
				INFOPLIST_FILE = loginPracUITests/Info.plist;
				LD_RUNPATH_SEARCH_PATHS = (
					"$(inherited)",
					"@executable_path/Frameworks",
					"@loader_path/Frameworks",
				);
				PRODUCT_BUNDLE_IDENTIFIER = hi.loginPracUITests;
				PRODUCT_NAME = "$(TARGET_NAME)";
				SWIFT_VERSION = 4.0;
				TARGETED_DEVICE_FAMILY = "1,2";
				TEST_TARGET_NAME = loginPrac;
			};
			name = Release;
		};
/* End XCBuildConfiguration section */

/* Begin XCConfigurationList section */
		9B0975472130E8300045A7C0 /* Build configuration list for PBXProject "loginPrac" */ = {
			isa = XCConfigurationList;
			buildConfigurations = (
				9B0975722130E8300045A7C0 /* Debug */,
				9B0975732130E8300045A7C0 /* Release */,
			);
			defaultConfigurationIsVisible = 0;
			defaultConfigurationName = Release;
		};
		9B0975742130E8300045A7C0 /* Build configuration list for PBXNativeTarget "loginPrac" */ = {
			isa = XCConfigurationList;
			buildConfigurations = (
				9B0975752130E8300045A7C0 /* Debug */,
				9B0975762130E8300045A7C0 /* Release */,
			);
			defaultConfigurationIsVisible = 0;
			defaultConfigurationName = Release;
		};
		9B0975772130E8300045A7C0 /* Build configuration list for PBXNativeTarget "loginPracTests" */ = {
			isa = XCConfigurationList;
			buildConfigurations = (
				9B0975782130E8300045A7C0 /* Debug */,
				9B0975792130E8300045A7C0 /* Release */,
			);
			defaultConfigurationIsVisible = 0;
			defaultConfigurationName = Release;
		};
		9B09757A2130E8300045A7C0 /* Build configuration list for PBXNativeTarget "loginPracUITests" */ = {
			isa = XCConfigurationList;
			buildConfigurations = (
				9B09757B2130E8300045A7C0 /* Debug */,
				9B09757C2130E8300045A7C0 /* Release */,
			);
			defaultConfigurationIsVisible = 0;
			defaultConfigurationName = Release;
		};
/* End XCConfigurationList section */
	};
	rootObject = 9B0975442130E8300045A7C0 /* Project object */;
}
