// !$*UTF8*$!
{
	archiveVersion = 1;
	classes = {
	};
	objectVersion = 50;
	objects = {

/* Begin PBXBuildFile section */
		9BD34A622196579D00A46E45 /* AppDelegate.swift in Sources */ = {isa = PBXBuildFile; fileRef = 9BD34A612196579D00A46E45 /* AppDelegate.swift */; };
		9BD34A642196579D00A46E45 /* ViewController.swift in Sources */ = {isa = PBXBuildFile; fileRef = 9BD34A632196579D00A46E45 /* ViewController.swift */; };
		9BD34A672196579D00A46E45 /* Main.storyboard in Resources */ = {isa = PBXBuildFile; fileRef = 9BD34A652196579D00A46E45 /* Main.storyboard */; };
		9BD34A692196579E00A46E45 /* Assets.xcassets in Resources */ = {isa = PBXBuildFile; fileRef = 9BD34A682196579E00A46E45 /* Assets.xcassets */; };
		9BD34A6C2196579E00A46E45 /* LaunchScreen.storyboard in Resources */ = {isa = PBXBuildFile; fileRef = 9BD34A6A2196579E00A46E45 /* LaunchScreen.storyboard */; };
		9BD34A772196579E00A46E45 /* LabTunesTests.swift in Sources */ = {isa = PBXBuildFile; fileRef = 9BD34A762196579E00A46E45 /* LabTunesTests.swift */; };
		9BD34A822196579E00A46E45 /* LabTunesUITests.swift in Sources */ = {isa = PBXBuildFile; fileRef = 9BD34A812196579E00A46E45 /* LabTunesUITests.swift */; };
		9BD34A912196582600A46E45 /* User.swift in Sources */ = {isa = PBXBuildFile; fileRef = 9BD34A902196582600A46E45 /* User.swift */; };
		9BD34A932196584100A46E45 /* Session.swift in Sources */ = {isa = PBXBuildFile; fileRef = 9BD34A922196584100A46E45 /* Session.swift */; };
		9BD34A952196584A00A46E45 /* Music.swift in Sources */ = {isa = PBXBuildFile; fileRef = 9BD34A942196584A00A46E45 /* Music.swift */; };
		9BD34A972196585500A46E45 /* Song.swift in Sources */ = {isa = PBXBuildFile; fileRef = 9BD34A962196585500A46E45 /* Song.swift */; };
		9BF85C5021967B8700B7E94E /* NetworkTests.swift in Sources */ = {isa = PBXBuildFile; fileRef = 9BF85C4F21967B8700B7E94E /* NetworkTests.swift */; };
		9BF85C532197304500B7E94E /* MusicViewController.swift in Sources */ = {isa = PBXBuildFile; fileRef = 9BF85C522197304500B7E94E /* MusicViewController.swift */; };
/* End PBXBuildFile section */

/* Begin PBXContainerItemProxy section */
		9BD34A732196579E00A46E45 /* PBXContainerItemProxy */ = {
			isa = PBXContainerItemProxy;
			containerPortal = 9BD34A562196579D00A46E45 /* Project object */;
			proxyType = 1;
			remoteGlobalIDString = 9BD34A5D2196579D00A46E45;
			remoteInfo = LabTunes;
		};
		9BD34A7E2196579E00A46E45 /* PBXContainerItemProxy */ = {
			isa = PBXContainerItemProxy;
			containerPortal = 9BD34A562196579D00A46E45 /* Project object */;
			proxyType = 1;
			remoteGlobalIDString = 9BD34A5D2196579D00A46E45;
			remoteInfo = LabTunes;
		};
/* End PBXContainerItemProxy section */

/* Begin PBXFileReference section */
		9BD34A5E2196579D00A46E45 /* LabTunes.app */ = {isa = PBXFileReference; explicitFileType = wrapper.application; includeInIndex = 0; path = LabTunes.app; sourceTree = BUILT_PRODUCTS_DIR; };
		9BD34A612196579D00A46E45 /* AppDelegate.swift */ = {isa = PBXFileReference; lastKnownFileType = sourcecode.swift; path = AppDelegate.swift; sourceTree = "<group>"; };
		9BD34A632196579D00A46E45 /* ViewController.swift */ = {isa = PBXFileReference; lastKnownFileType = sourcecode.swift; path = ViewController.swift; sourceTree = "<group>"; };
		9BD34A662196579D00A46E45 /* Base */ = {isa = PBXFileReference; lastKnownFileType = file.storyboard; name = Base; path = Base.lproj/Main.storyboard; sourceTree = "<group>"; };
		9BD34A682196579E00A46E45 /* Assets.xcassets */ = {isa = PBXFileReference; lastKnownFileType = folder.assetcatalog; path = Assets.xcassets; sourceTree = "<group>"; };
		9BD34A6B2196579E00A46E45 /* Base */ = {isa = PBXFileReference; lastKnownFileType = file.storyboard; name = Base; path = Base.lproj/LaunchScreen.storyboard; sourceTree = "<group>"; };
		9BD34A6D2196579E00A46E45 /* Info.plist */ = {isa = PBXFileReference; lastKnownFileType = text.plist.xml; path = Info.plist; sourceTree = "<group>"; };
		9BD34A722196579E00A46E45 /* LabTunesTests.xctest */ = {isa = PBXFileReference; explicitFileType = wrapper.cfbundle; includeInIndex = 0; path = LabTunesTests.xctest; sourceTree = BUILT_PRODUCTS_DIR; };
		9BD34A762196579E00A46E45 /* LabTunesTests.swift */ = {isa = PBXFileReference; lastKnownFileType = sourcecode.swift; path = LabTunesTests.swift; sourceTree = "<group>"; };
		9BD34A782196579E00A46E45 /* Info.plist */ = {isa = PBXFileReference; lastKnownFileType = text.plist.xml; path = Info.plist; sourceTree = "<group>"; };
		9BD34A7D2196579E00A46E45 /* LabTunesUITests.xctest */ = {isa = PBXFileReference; explicitFileType = wrapper.cfbundle; includeInIndex = 0; path = LabTunesUITests.xctest; sourceTree = BUILT_PRODUCTS_DIR; };
		9BD34A812196579E00A46E45 /* LabTunesUITests.swift */ = {isa = PBXFileReference; lastKnownFileType = sourcecode.swift; path = LabTunesUITests.swift; sourceTree = "<group>"; };
		9BD34A832196579E00A46E45 /* Info.plist */ = {isa = PBXFileReference; lastKnownFileType = text.plist.xml; path = Info.plist; sourceTree = "<group>"; };
		9BD34A902196582600A46E45 /* User.swift */ = {isa = PBXFileReference; lastKnownFileType = sourcecode.swift; path = User.swift; sourceTree = "<group>"; };
		9BD34A922196584100A46E45 /* Session.swift */ = {isa = PBXFileReference; lastKnownFileType = sourcecode.swift; path = Session.swift; sourceTree = "<group>"; };
		9BD34A942196584A00A46E45 /* Music.swift */ = {isa = PBXFileReference; lastKnownFileType = sourcecode.swift; path = Music.swift; sourceTree = "<group>"; };
		9BD34A962196585500A46E45 /* Song.swift */ = {isa = PBXFileReference; lastKnownFileType = sourcecode.swift; path = Song.swift; sourceTree = "<group>"; };
		9BF85C4F21967B8700B7E94E /* NetworkTests.swift */ = {isa = PBXFileReference; lastKnownFileType = sourcecode.swift; path = NetworkTests.swift; sourceTree = "<group>"; };
		9BF85C522197304500B7E94E /* MusicViewController.swift */ = {isa = PBXFileReference; lastKnownFileType = sourcecode.swift; path = MusicViewController.swift; sourceTree = "<group>"; };
/* End PBXFileReference section */

/* Begin PBXFrameworksBuildPhase section */
		9BD34A5B2196579D00A46E45 /* Frameworks */ = {
			isa = PBXFrameworksBuildPhase;
			buildActionMask = 2147483647;
			files = (
			);
			runOnlyForDeploymentPostprocessing = 0;
		};
		9BD34A6F2196579E00A46E45 /* Frameworks */ = {
			isa = PBXFrameworksBuildPhase;
			buildActionMask = 2147483647;
			files = (
			);
			runOnlyForDeploymentPostprocessing = 0;
		};
		9BD34A7A2196579E00A46E45 /* Frameworks */ = {
			isa = PBXFrameworksBuildPhase;
			buildActionMask = 2147483647;
			files = (
			);
			runOnlyForDeploymentPostprocessing = 0;
		};
/* End PBXFrameworksBuildPhase section */

/* Begin PBXGroup section */
		9BD34A552196579D00A46E45 = {
			isa = PBXGroup;
			children = (
				9BD34A602196579D00A46E45 /* LabTunes */,
				9BD34A752196579E00A46E45 /* LabTunesTests */,
				9BD34A802196579E00A46E45 /* LabTunesUITests */,
				9BD34A5F2196579D00A46E45 /* Products */,
			);
			sourceTree = "<group>";
		};
		9BD34A5F2196579D00A46E45 /* Products */ = {
			isa = PBXGroup;
			children = (
				9BD34A5E2196579D00A46E45 /* LabTunes.app */,
				9BD34A722196579E00A46E45 /* LabTunesTests.xctest */,
				9BD34A7D2196579E00A46E45 /* LabTunesUITests.xctest */,
			);
			name = Products;
			sourceTree = "<group>";
		};
		9BD34A602196579D00A46E45 /* LabTunes */ = {
			isa = PBXGroup;
			children = (
				9BF85C512197300D00B7E94E /* Controllers */,
				9BD34A8F2196580B00A46E45 /* Models */,
				9BD34A612196579D00A46E45 /* AppDelegate.swift */,
				9BD34A652196579D00A46E45 /* Main.storyboard */,
				9BD34A682196579E00A46E45 /* Assets.xcassets */,
				9BD34A6A2196579E00A46E45 /* LaunchScreen.storyboard */,
				9BD34A6D2196579E00A46E45 /* Info.plist */,
			);
			path = LabTunes;
			sourceTree = "<group>";
		};
		9BD34A752196579E00A46E45 /* LabTunesTests */ = {
			isa = PBXGroup;
			children = (
				9BD34A762196579E00A46E45 /* LabTunesTests.swift */,
				9BD34A782196579E00A46E45 /* Info.plist */,
				9BF85C4F21967B8700B7E94E /* NetworkTests.swift */,
			);
			path = LabTunesTests;
			sourceTree = "<group>";
		};
		9BD34A802196579E00A46E45 /* LabTunesUITests */ = {
			isa = PBXGroup;
			children = (
				9BD34A812196579E00A46E45 /* LabTunesUITests.swift */,
				9BD34A832196579E00A46E45 /* Info.plist */,
			);
			path = LabTunesUITests;
			sourceTree = "<group>";
		};
		9BD34A8F2196580B00A46E45 /* Models */ = {
			isa = PBXGroup;
			children = (
				9BD34A902196582600A46E45 /* User.swift */,
				9BD34A922196584100A46E45 /* Session.swift */,
				9BD34A942196584A00A46E45 /* Music.swift */,
				9BD34A962196585500A46E45 /* Song.swift */,
			);
			path = Models;
			sourceTree = "<group>";
		};
		9BF85C512197300D00B7E94E /* Controllers */ = {
			isa = PBXGroup;
			children = (
				9BF85C522197304500B7E94E /* MusicViewController.swift */,
				9BD34A632196579D00A46E45 /* ViewController.swift */,
			);
			path = Controllers;
			sourceTree = "<group>";
		};
/* End PBXGroup section */

/* Begin PBXNativeTarget section */
		9BD34A5D2196579D00A46E45 /* LabTunes */ = {
			isa = PBXNativeTarget;
			buildConfigurationList = 9BD34A862196579E00A46E45 /* Build configuration list for PBXNativeTarget "LabTunes" */;
			buildPhases = (
				9BD34A5A2196579D00A46E45 /* Sources */,
				9BD34A5B2196579D00A46E45 /* Frameworks */,
				9BD34A5C2196579D00A46E45 /* Resources */,
			);
			buildRules = (
			);
			dependencies = (
			);
			name = LabTunes;
			productName = LabTunes;
			productReference = 9BD34A5E2196579D00A46E45 /* LabTunes.app */;
			productType = "com.apple.product-type.application";
		};
		9BD34A712196579E00A46E45 /* LabTunesTests */ = {
			isa = PBXNativeTarget;
			buildConfigurationList = 9BD34A892196579E00A46E45 /* Build configuration list for PBXNativeTarget "LabTunesTests" */;
			buildPhases = (
				9BD34A6E2196579E00A46E45 /* Sources */,
				9BD34A6F2196579E00A46E45 /* Frameworks */,
				9BD34A702196579E00A46E45 /* Resources */,
			);
			buildRules = (
			);
			dependencies = (
				9BD34A742196579E00A46E45 /* PBXTargetDependency */,
			);
			name = LabTunesTests;
			productName = LabTunesTests;
			productReference = 9BD34A722196579E00A46E45 /* LabTunesTests.xctest */;
			productType = "com.apple.product-type.bundle.unit-test";
		};
		9BD34A7C2196579E00A46E45 /* LabTunesUITests */ = {
			isa = PBXNativeTarget;
			buildConfigurationList = 9BD34A8C2196579E00A46E45 /* Build configuration list for PBXNativeTarget "LabTunesUITests" */;
			buildPhases = (
				9BD34A792196579E00A46E45 /* Sources */,
				9BD34A7A2196579E00A46E45 /* Frameworks */,
				9BD34A7B2196579E00A46E45 /* Resources */,
			);
			buildRules = (
			);
			dependencies = (
				9BD34A7F2196579E00A46E45 /* PBXTargetDependency */,
			);
			name = LabTunesUITests;
			productName = LabTunesUITests;
			productReference = 9BD34A7D2196579E00A46E45 /* LabTunesUITests.xctest */;
			productType = "com.apple.product-type.bundle.ui-testing";
		};
/* End PBXNativeTarget section */

/* Begin PBXProject section */
		9BD34A562196579D00A46E45 /* Project object */ = {
			isa = PBXProject;
			attributes = {
				LastSwiftUpdateCheck = 1010;
				LastUpgradeCheck = 1010;
				ORGANIZATIONNAME = "Itzel Gomez";
				TargetAttributes = {
					9BD34A5D2196579D00A46E45 = {
						CreatedOnToolsVersion = 10.1;
					};
					9BD34A712196579E00A46E45 = {
						CreatedOnToolsVersion = 10.1;
						TestTargetID = 9BD34A5D2196579D00A46E45;
					};
					9BD34A7C2196579E00A46E45 = {
						CreatedOnToolsVersion = 10.1;
						TestTargetID = 9BD34A5D2196579D00A46E45;
					};
				};
			};
			buildConfigurationList = 9BD34A592196579D00A46E45 /* Build configuration list for PBXProject "LabTunes" */;
			compatibilityVersion = "Xcode 9.3";
			developmentRegion = en;
			hasScannedForEncodings = 0;
			knownRegions = (
				en,
				Base,
			);
			mainGroup = 9BD34A552196579D00A46E45;
			productRefGroup = 9BD34A5F2196579D00A46E45 /* Products */;
			projectDirPath = "";
			projectRoot = "";
			targets = (
				9BD34A5D2196579D00A46E45 /* LabTunes */,
				9BD34A712196579E00A46E45 /* LabTunesTests */,
				9BD34A7C2196579E00A46E45 /* LabTunesUITests */,
			);
		};
/* End PBXProject section */

/* Begin PBXResourcesBuildPhase section */
		9BD34A5C2196579D00A46E45 /* Resources */ = {
			isa = PBXResourcesBuildPhase;
			buildActionMask = 2147483647;
			files = (
				9BD34A6C2196579E00A46E45 /* LaunchScreen.storyboard in Resources */,
				9BD34A692196579E00A46E45 /* Assets.xcassets in Resources */,
				9BD34A672196579D00A46E45 /* Main.storyboard in Resources */,
			);
			runOnlyForDeploymentPostprocessing = 0;
		};
		9BD34A702196579E00A46E45 /* Resources */ = {
			isa = PBXResourcesBuildPhase;
			buildActionMask = 2147483647;
			files = (
			);
			runOnlyForDeploymentPostprocessing = 0;
		};
		9BD34A7B2196579E00A46E45 /* Resources */ = {
			isa = PBXResourcesBuildPhase;
			buildActionMask = 2147483647;
			files = (
			);
			runOnlyForDeploymentPostprocessing = 0;
		};
/* End PBXResourcesBuildPhase section */

/* Begin PBXSourcesBuildPhase section */
		9BD34A5A2196579D00A46E45 /* Sources */ = {
			isa = PBXSourcesBuildPhase;
			buildActionMask = 2147483647;
			files = (
				9BD34A972196585500A46E45 /* Song.swift in Sources */,
				9BF85C532197304500B7E94E /* MusicViewController.swift in Sources */,
				9BD34A932196584100A46E45 /* Session.swift in Sources */,
				9BD34A642196579D00A46E45 /* ViewController.swift in Sources */,
				9BD34A952196584A00A46E45 /* Music.swift in Sources */,
				9BD34A622196579D00A46E45 /* AppDelegate.swift in Sources */,
				9BD34A912196582600A46E45 /* User.swift in Sources */,
			);
			runOnlyForDeploymentPostprocessing = 0;
		};
		9BD34A6E2196579E00A46E45 /* Sources */ = {
			isa = PBXSourcesBuildPhase;
			buildActionMask = 2147483647;
			files = (
				9BF85C5021967B8700B7E94E /* NetworkTests.swift in Sources */,
				9BD34A772196579E00A46E45 /* LabTunesTests.swift in Sources */,
			);
			runOnlyForDeploymentPostprocessing = 0;
		};
		9BD34A792196579E00A46E45 /* Sources */ = {
			isa = PBXSourcesBuildPhase;
			buildActionMask = 2147483647;
			files = (
				9BD34A822196579E00A46E45 /* LabTunesUITests.swift in Sources */,
			);
			runOnlyForDeploymentPostprocessing = 0;
		};
/* End PBXSourcesBuildPhase section */

/* Begin PBXTargetDependency section */
		9BD34A742196579E00A46E45 /* PBXTargetDependency */ = {
			isa = PBXTargetDependency;
			target = 9BD34A5D2196579D00A46E45 /* LabTunes */;
			targetProxy = 9BD34A732196579E00A46E45 /* PBXContainerItemProxy */;
		};
		9BD34A7F2196579E00A46E45 /* PBXTargetDependency */ = {
			isa = PBXTargetDependency;
			target = 9BD34A5D2196579D00A46E45 /* LabTunes */;
			targetProxy = 9BD34A7E2196579E00A46E45 /* PBXContainerItemProxy */;
		};
/* End PBXTargetDependency section */

/* Begin PBXVariantGroup section */
		9BD34A652196579D00A46E45 /* Main.storyboard */ = {
			isa = PBXVariantGroup;
			children = (
				9BD34A662196579D00A46E45 /* Base */,
			);
			name = Main.storyboard;
			sourceTree = "<group>";
		};
		9BD34A6A2196579E00A46E45 /* LaunchScreen.storyboard */ = {
			isa = PBXVariantGroup;
			children = (
				9BD34A6B2196579E00A46E45 /* Base */,
			);
			name = LaunchScreen.storyboard;
			sourceTree = "<group>";
		};
/* End PBXVariantGroup section */

/* Begin XCBuildConfiguration section */
		9BD34A842196579E00A46E45 /* Debug */ = {
			isa = XCBuildConfiguration;
			buildSettings = {
				ALWAYS_SEARCH_USER_PATHS = NO;
				CLANG_ANALYZER_NONNULL = YES;
				CLANG_ANALYZER_NUMBER_OBJECT_CONVERSION = YES_AGGRESSIVE;
				CLANG_CXX_LANGUAGE_STANDARD = "gnu++14";
				CLANG_CXX_LIBRARY = "libc++";
				CLANG_ENABLE_MODULES = YES;
				CLANG_ENABLE_OBJC_ARC = YES;
				CLANG_ENABLE_OBJC_WEAK = YES;
				CLANG_WARN_BLOCK_CAPTURE_AUTORELEASING = YES;
				CLANG_WARN_BOOL_CONVERSION = YES;
				CLANG_WARN_COMMA = YES;
				CLANG_WARN_CONSTANT_CONVERSION = YES;
				CLANG_WARN_DEPRECATED_OBJC_IMPLEMENTATIONS = YES;
				CLANG_WARN_DIRECT_OBJC_ISA_USAGE = YES_ERROR;
				CLANG_WARN_DOCUMENTATION_COMMENTS = YES;
				CLANG_WARN_EMPTY_BODY = YES;
				CLANG_WARN_ENUM_CONVERSION = YES;
				CLANG_WARN_INFINITE_RECURSION = YES;
				CLANG_WARN_INT_CONVERSION = YES;
				CLANG_WARN_NON_LITERAL_NULL_CONVERSION = YES;
				CLANG_WARN_OBJC_IMPLICIT_RETAIN_SELF = YES;
				CLANG_WARN_OBJC_LITERAL_CONVERSION = YES;
				CLANG_WARN_OBJC_ROOT_CLASS = YES_ERROR;
				CLANG_WARN_RANGE_LOOP_ANALYSIS = YES;
				CLANG_WARN_STRICT_PROTOTYPES = YES;
				CLANG_WARN_SUSPICIOUS_MOVE = YES;
				CLANG_WARN_UNGUARDED_AVAILABILITY = YES_AGGRESSIVE;
				CLANG_WARN_UNREACHABLE_CODE = YES;
				CLANG_WARN__DUPLICATE_METHOD_MATCH = YES;
				CODE_SIGN_IDENTITY = "iPhone Developer";
				COPY_PHASE_STRIP = NO;
				DEBUG_INFORMATION_FORMAT = dwarf;
				ENABLE_STRICT_OBJC_MSGSEND = YES;
				ENABLE_TESTABILITY = YES;
				GCC_C_LANGUAGE_STANDARD = gnu11;
				GCC_DYNAMIC_NO_PIC = NO;
				GCC_NO_COMMON_BLOCKS = YES;
				GCC_OPTIMIZATION_LEVEL = 0;
				GCC_PREPROCESSOR_DEFINITIONS = (
					"DEBUG=1",
					"$(inherited)",
				);
				GCC_WARN_64_TO_32_BIT_CONVERSION = YES;
				GCC_WARN_ABOUT_RETURN_TYPE = YES_ERROR;
				GCC_WARN_UNDECLARED_SELECTOR = YES;
				GCC_WARN_UNINITIALIZED_AUTOS = YES_AGGRESSIVE;
				GCC_WARN_UNUSED_FUNCTION = YES;
				GCC_WARN_UNUSED_VARIABLE = YES;
				IPHONEOS_DEPLOYMENT_TARGET = 12.1;
				MTL_ENABLE_DEBUG_INFO = INCLUDE_SOURCE;
				MTL_FAST_MATH = YES;
				ONLY_ACTIVE_ARCH = YES;
				SDKROOT = iphoneos;
				SWIFT_ACTIVE_COMPILATION_CONDITIONS = DEBUG;
				SWIFT_OPTIMIZATION_LEVEL = "-Onone";
			};
			name = Debug;
		};
		9BD34A852196579E00A46E45 /* Release */ = {
			isa = XCBuildConfiguration;
			buildSettings = {
				ALWAYS_SEARCH_USER_PATHS = NO;
				CLANG_ANALYZER_NONNULL = YES;
				CLANG_ANALYZER_NUMBER_OBJECT_CONVERSION = YES_AGGRESSIVE;
				CLANG_CXX_LANGUAGE_STANDARD = "gnu++14";
				CLANG_CXX_LIBRARY = "libc++";
				CLANG_ENABLE_MODULES = YES;
				CLANG_ENABLE_OBJC_ARC = YES;
				CLANG_ENABLE_OBJC_WEAK = YES;
				CLANG_WARN_BLOCK_CAPTURE_AUTORELEASING = YES;
				CLANG_WARN_BOOL_CONVERSION = YES;
				CLANG_WARN_COMMA = YES;
				CLANG_WARN_CONSTANT_CONVERSION = YES;
				CLANG_WARN_DEPRECATED_OBJC_IMPLEMENTATIONS = YES;
				CLANG_WARN_DIRECT_OBJC_ISA_USAGE = YES_ERROR;
				CLANG_WARN_DOCUMENTATION_COMMENTS = YES;
				CLANG_WARN_EMPTY_BODY = YES;
				CLANG_WARN_ENUM_CONVERSION = YES;
				CLANG_WARN_INFINITE_RECURSION = YES;
				CLANG_WARN_INT_CONVERSION = YES;
				CLANG_WARN_NON_LITERAL_NULL_CONVERSION = YES;
				CLANG_WARN_OBJC_IMPLICIT_RETAIN_SELF = YES;
				CLANG_WARN_OBJC_LITERAL_CONVERSION = YES;
				CLANG_WARN_OBJC_ROOT_CLASS = YES_ERROR;
				CLANG_WARN_RANGE_LOOP_ANALYSIS = YES;
				CLANG_WARN_STRICT_PROTOTYPES = YES;
				CLANG_WARN_SUSPICIOUS_MOVE = YES;
				CLANG_WARN_UNGUARDED_AVAILABILITY = YES_AGGRESSIVE;
				CLANG_WARN_UNREACHABLE_CODE = YES;
				CLANG_WARN__DUPLICATE_METHOD_MATCH = YES;
				CODE_SIGN_IDENTITY = "iPhone Developer";
				COPY_PHASE_STRIP = NO;
				DEBUG_INFORMATION_FORMAT = "dwarf-with-dsym";
				ENABLE_NS_ASSERTIONS = NO;
				ENABLE_STRICT_OBJC_MSGSEND = YES;
				GCC_C_LANGUAGE_STANDARD = gnu11;
				GCC_NO_COMMON_BLOCKS = YES;
				GCC_WARN_64_TO_32_BIT_CONVERSION = YES;
				GCC_WARN_ABOUT_RETURN_TYPE = YES_ERROR;
				GCC_WARN_UNDECLARED_SELECTOR = YES;
				GCC_WARN_UNINITIALIZED_AUTOS = YES_AGGRESSIVE;
				GCC_WARN_UNUSED_FUNCTION = YES;
				GCC_WARN_UNUSED_VARIABLE = YES;
				IPHONEOS_DEPLOYMENT_TARGET = 12.1;
				MTL_ENABLE_DEBUG_INFO = NO;
				MTL_FAST_MATH = YES;
				SDKROOT = iphoneos;
				SWIFT_COMPILATION_MODE = wholemodule;
				SWIFT_OPTIMIZATION_LEVEL = "-O";
				VALIDATE_PRODUCT = YES;
			};
			name = Release;
		};
		9BD34A872196579E00A46E45 /* Debug */ = {
			isa = XCBuildConfiguration;
			buildSettings = {
				ASSETCATALOG_COMPILER_APPICON_NAME = AppIcon;
				CODE_SIGN_STYLE = Automatic;
				INFOPLIST_FILE = LabTunes/Info.plist;
				IPHONEOS_DEPLOYMENT_TARGET = 11.4;
				LD_RUNPATH_SEARCH_PATHS = (
					"$(inherited)",
					"@executable_path/Frameworks",
				);
				PRODUCT_BUNDLE_IDENTIFIER = IGM.LabTunes;
				PRODUCT_NAME = "$(TARGET_NAME)";
				SWIFT_VERSION = 4.2;
				TARGETED_DEVICE_FAMILY = "1,2";
			};
			name = Debug;
		};
		9BD34A882196579E00A46E45 /* Release */ = {
			isa = XCBuildConfiguration;
			buildSettings = {
				ASSETCATALOG_COMPILER_APPICON_NAME = AppIcon;
				CODE_SIGN_STYLE = Automatic;
				INFOPLIST_FILE = LabTunes/Info.plist;
				IPHONEOS_DEPLOYMENT_TARGET = 11.4;
				LD_RUNPATH_SEARCH_PATHS = (
					"$(inherited)",
					"@executable_path/Frameworks",
				);
				PRODUCT_BUNDLE_IDENTIFIER = IGM.LabTunes;
				PRODUCT_NAME = "$(TARGET_NAME)";
				SWIFT_VERSION = 4.2;
				TARGETED_DEVICE_FAMILY = "1,2";
			};
			name = Release;
		};
		9BD34A8A2196579E00A46E45 /* Debug */ = {
			isa = XCBuildConfiguration;
			buildSettings = {
				ALWAYS_EMBED_SWIFT_STANDARD_LIBRARIES = YES;
				BUNDLE_LOADER = "$(TEST_HOST)";
				CODE_SIGN_STYLE = Automatic;
				INFOPLIST_FILE = LabTunesTests/Info.plist;
				LD_RUNPATH_SEARCH_PATHS = (
					"$(inherited)",
					"@executable_path/Frameworks",
					"@loader_path/Frameworks",
				);
				PRODUCT_BUNDLE_IDENTIFIER = IGM.LabTunesTests;
				PRODUCT_NAME = "$(TARGET_NAME)";
				SWIFT_VERSION = 4.2;
				TARGETED_DEVICE_FAMILY = "1,2";
				TEST_HOST = "$(BUILT_PRODUCTS_DIR)/LabTunes.app/LabTunes";
			};
			name = Debug;
		};
		9BD34A8B2196579E00A46E45 /* Release */ = {
			isa = XCBuildConfiguration;
			buildSettings = {
				ALWAYS_EMBED_SWIFT_STANDARD_LIBRARIES = YES;
				BUNDLE_LOADER = "$(TEST_HOST)";
				CODE_SIGN_STYLE = Automatic;
				INFOPLIST_FILE = LabTunesTests/Info.plist;
				LD_RUNPATH_SEARCH_PATHS = (
					"$(inherited)",
					"@executable_path/Frameworks",
					"@loader_path/Frameworks",
				);
				PRODUCT_BUNDLE_IDENTIFIER = IGM.LabTunesTests;
				PRODUCT_NAME = "$(TARGET_NAME)";
				SWIFT_VERSION = 4.2;
				TARGETED_DEVICE_FAMILY = "1,2";
				TEST_HOST = "$(BUILT_PRODUCTS_DIR)/LabTunes.app/LabTunes";
			};
			name = Release;
		};
		9BD34A8D2196579E00A46E45 /* Debug */ = {
			isa = XCBuildConfiguration;
			buildSettings = {
				ALWAYS_EMBED_SWIFT_STANDARD_LIBRARIES = YES;
				CODE_SIGN_STYLE = Automatic;
				INFOPLIST_FILE = LabTunesUITests/Info.plist;
				LD_RUNPATH_SEARCH_PATHS = (
					"$(inherited)",
					"@executable_path/Frameworks",
					"@loader_path/Frameworks",
				);
				PRODUCT_BUNDLE_IDENTIFIER = IGM.LabTunesUITests;
				PRODUCT_NAME = "$(TARGET_NAME)";
				SWIFT_VERSION = 4.2;
				TARGETED_DEVICE_FAMILY = "1,2";
				TEST_TARGET_NAME = LabTunes;
			};
			name = Debug;
		};
		9BD34A8E2196579E00A46E45 /* Release */ = {
			isa = XCBuildConfiguration;
			buildSettings = {
				ALWAYS_EMBED_SWIFT_STANDARD_LIBRARIES = YES;
				CODE_SIGN_STYLE = Automatic;
				INFOPLIST_FILE = LabTunesUITests/Info.plist;
				LD_RUNPATH_SEARCH_PATHS = (
					"$(inherited)",
					"@executable_path/Frameworks",
					"@loader_path/Frameworks",
				);
				PRODUCT_BUNDLE_IDENTIFIER = IGM.LabTunesUITests;
				PRODUCT_NAME = "$(TARGET_NAME)";
				SWIFT_VERSION = 4.2;
				TARGETED_DEVICE_FAMILY = "1,2";
				TEST_TARGET_NAME = LabTunes;
			};
			name = Release;
		};
/* End XCBuildConfiguration section */

/* Begin XCConfigurationList section */
		9BD34A592196579D00A46E45 /* Build configuration list for PBXProject "LabTunes" */ = {
			isa = XCConfigurationList;
			buildConfigurations = (
				9BD34A842196579E00A46E45 /* Debug */,
				9BD34A852196579E00A46E45 /* Release */,
			);
			defaultConfigurationIsVisible = 0;
			defaultConfigurationName = Release;
		};
		9BD34A862196579E00A46E45 /* Build configuration list for PBXNativeTarget "LabTunes" */ = {
			isa = XCConfigurationList;
			buildConfigurations = (
				9BD34A872196579E00A46E45 /* Debug */,
				9BD34A882196579E00A46E45 /* Release */,
			);
			defaultConfigurationIsVisible = 0;
			defaultConfigurationName = Release;
		};
		9BD34A892196579E00A46E45 /* Build configuration list for PBXNativeTarget "LabTunesTests" */ = {
			isa = XCConfigurationList;
			buildConfigurations = (
				9BD34A8A2196579E00A46E45 /* Debug */,
				9BD34A8B2196579E00A46E45 /* Release */,
			);
			defaultConfigurationIsVisible = 0;
			defaultConfigurationName = Release;
		};
		9BD34A8C2196579E00A46E45 /* Build configuration list for PBXNativeTarget "LabTunesUITests" */ = {
			isa = XCConfigurationList;
			buildConfigurations = (
				9BD34A8D2196579E00A46E45 /* Debug */,
				9BD34A8E2196579E00A46E45 /* Release */,
			);
			defaultConfigurationIsVisible = 0;
			defaultConfigurationName = Release;
		};
/* End XCConfigurationList section */
	};
	rootObject = 9BD34A562196579D00A46E45 /* Project object */;
}
